// !$*UTF8*$!
{
	archiveVersion = 1;
	classes = {
	};
	objectVersion = 46;
	objects = {

/* Begin PBXBuildFile section */
		198813E31EBE962900AD45F5 /* Slice 1.png in Resources */ = {isa = PBXBuildFile; fileRef = 198813E11EBE962900AD45F5 /* Slice 1.png */; };
		198813E41EBE962900AD45F5 /* Slice 1@2x.png in Resources */ = {isa = PBXBuildFile; fileRef = 198813E21EBE962900AD45F5 /* Slice 1@2x.png */; };
		198813E81EBEAE6500AD45F5 /* Unavailable.png in Resources */ = {isa = PBXBuildFile; fileRef = 198813E61EBEAE6500AD45F5 /* Unavailable.png */; };
		198813E91EBEAE6500AD45F5 /* Unavailable@2x.png in Resources */ = {isa = PBXBuildFile; fileRef = 198813E71EBEAE6500AD45F5 /* Unavailable@2x.png */; };
		198813EC1EBEB25F00AD45F5 /* KubeConfigWindow.swift in Sources */ = {isa = PBXBuildFile; fileRef = 198813EA1EBEB25F00AD45F5 /* KubeConfigWindow.swift */; };
		198813ED1EBEB25F00AD45F5 /* KubeConfigWindow.xib in Resources */ = {isa = PBXBuildFile; fileRef = 198813EB1EBEB25F00AD45F5 /* KubeConfigWindow.xib */; };
		19B798741EBF5D98008FA787 /* logo.png in Resources */ = {isa = PBXBuildFile; fileRef = 19B798721EBF5D98008FA787 /* logo.png */; };
		19B798751EBF5D98008FA787 /* logo@2x.png in Resources */ = {isa = PBXBuildFile; fileRef = 19B798731EBF5D98008FA787 /* logo@2x.png */; };
		EE127A621EBBF93A0044F898 /* AppDelegate.swift in Sources */ = {isa = PBXBuildFile; fileRef = EE127A611EBBF93A0044F898 /* AppDelegate.swift */; };
		EE127A641EBBF93A0044F898 /* Assets.xcassets in Resources */ = {isa = PBXBuildFile; fileRef = EE127A631EBBF93A0044F898 /* Assets.xcassets */; };
		EE127A671EBBF93A0044F898 /* MainMenu.xib in Resources */ = {isa = PBXBuildFile; fileRef = EE127A651EBBF93A0044F898 /* MainMenu.xib */; };
		EE127A6F1EBC02C30044F898 /* ContextMenuController.swift in Sources */ = {isa = PBXBuildFile; fileRef = EE127A6E1EBC02C30044F898 /* ContextMenuController.swift */; };
		EE6510371EBC25BB0081BD48 /* SwiftyJSON.framework in Frameworks */ = {isa = PBXBuildFile; fileRef = EE6510361EBC25BB0081BD48 /* SwiftyJSON.framework */; };
		EE6510391EBC25E20081BD48 /* ConfigParser.swift in Sources */ = {isa = PBXBuildFile; fileRef = EE6510381EBC25E20081BD48 /* ConfigParser.swift */; };
/* End PBXBuildFile section */

/* Begin PBXFileReference section */
		198813E11EBE962900AD45F5 /* Slice 1.png */ = {isa = PBXFileReference; lastKnownFileType = image.png; name = "Slice 1.png"; path = "../Slice 1.png"; sourceTree = "<group>"; };
		198813E21EBE962900AD45F5 /* Slice 1@2x.png */ = {isa = PBXFileReference; lastKnownFileType = image.png; name = "Slice 1@2x.png"; path = "../Slice 1@2x.png"; sourceTree = "<group>"; };
		198813E61EBEAE6500AD45F5 /* Unavailable.png */ = {isa = PBXFileReference; lastKnownFileType = image.png; path = Unavailable.png; sourceTree = "<group>"; };
		198813E71EBEAE6500AD45F5 /* Unavailable@2x.png */ = {isa = PBXFileReference; lastKnownFileType = image.png; path = "Unavailable@2x.png"; sourceTree = "<group>"; };
		198813EA1EBEB25F00AD45F5 /* KubeConfigWindow.swift */ = {isa = PBXFileReference; fileEncoding = 4; lastKnownFileType = sourcecode.swift; path = KubeConfigWindow.swift; sourceTree = "<group>"; };
		198813EB1EBEB25F00AD45F5 /* KubeConfigWindow.xib */ = {isa = PBXFileReference; fileEncoding = 4; lastKnownFileType = file.xib; path = KubeConfigWindow.xib; sourceTree = "<group>"; };
		19B798721EBF5D98008FA787 /* logo.png */ = {isa = PBXFileReference; lastKnownFileType = image.png; path = logo.png; sourceTree = "<group>"; };
		19B798731EBF5D98008FA787 /* logo@2x.png */ = {isa = PBXFileReference; lastKnownFileType = image.png; path = "logo@2x.png"; sourceTree = "<group>"; };
		EE127A5E1EBBF93A0044F898 /* Kontext.app */ = {isa = PBXFileReference; explicitFileType = wrapper.application; includeInIndex = 0; path = Kontext.app; sourceTree = BUILT_PRODUCTS_DIR; };
		EE127A611EBBF93A0044F898 /* AppDelegate.swift */ = {isa = PBXFileReference; lastKnownFileType = sourcecode.swift; path = AppDelegate.swift; sourceTree = "<group>"; };
		EE127A631EBBF93A0044F898 /* Assets.xcassets */ = {isa = PBXFileReference; lastKnownFileType = folder.assetcatalog; path = Assets.xcassets; sourceTree = "<group>"; };
		EE127A661EBBF93A0044F898 /* Base */ = {isa = PBXFileReference; lastKnownFileType = file.xib; name = Base; path = Base.lproj/MainMenu.xib; sourceTree = "<group>"; };
		EE127A681EBBF93A0044F898 /* Info.plist */ = {isa = PBXFileReference; lastKnownFileType = text.plist.xml; path = Info.plist; sourceTree = "<group>"; };
		EE127A6E1EBC02C30044F898 /* ContextMenuController.swift */ = {isa = PBXFileReference; fileEncoding = 4; lastKnownFileType = sourcecode.swift; path = ContextMenuController.swift; sourceTree = "<group>"; };
		EE127A731EBC1A7B0044F898 /* Yaml.framework */ = {isa = PBXFileReference; lastKnownFileType = wrapper.framework; name = Yaml.framework; path = Carthage/Build/Mac/Yaml.framework; sourceTree = "<group>"; };
		EE6510361EBC25BB0081BD48 /* SwiftyJSON.framework */ = {isa = PBXFileReference; lastKnownFileType = wrapper.framework; name = SwiftyJSON.framework; path = Carthage/Build/Mac/SwiftyJSON.framework; sourceTree = "<group>"; };
		EE6510381EBC25E20081BD48 /* ConfigParser.swift */ = {isa = PBXFileReference; fileEncoding = 4; lastKnownFileType = sourcecode.swift; name = ConfigParser.swift; path = ../ConfigParser.swift; sourceTree = "<group>"; };
/* End PBXFileReference section */

/* Begin PBXFrameworksBuildPhase section */
		EE127A5B1EBBF93A0044F898 /* Frameworks */ = {
			isa = PBXFrameworksBuildPhase;
			buildActionMask = 2147483647;
			files = (
				EE6510371EBC25BB0081BD48 /* SwiftyJSON.framework in Frameworks */,
			);
			runOnlyForDeploymentPostprocessing = 0;
		};
/* End PBXFrameworksBuildPhase section */

/* Begin PBXGroup section */
		198813E51EBEAE4A00AD45F5 /* Resources */ = {
			isa = PBXGroup;
			children = (
				19B798721EBF5D98008FA787 /* logo.png */,
				19B798731EBF5D98008FA787 /* logo@2x.png */,
				198813E61EBEAE6500AD45F5 /* Unavailable.png */,
				198813E71EBEAE6500AD45F5 /* Unavailable@2x.png */,
				198813E11EBE962900AD45F5 /* Slice 1.png */,
				198813E21EBE962900AD45F5 /* Slice 1@2x.png */,
			);
			name = Resources;
			sourceTree = "<group>";
		};
		EE127A551EBBF93A0044F898 = {
			isa = PBXGroup;
			children = (
				EE127A601EBBF93A0044F898 /* kContext */,
				EE127A5F1EBBF93A0044F898 /* Products */,
				EE127A721EBC1A7A0044F898 /* Frameworks */,
			);
			sourceTree = "<group>";
		};
		EE127A5F1EBBF93A0044F898 /* Products */ = {
			isa = PBXGroup;
			children = (
				EE127A5E1EBBF93A0044F898 /* Kontext.app */,
			);
			name = Products;
			sourceTree = "<group>";
		};
		EE127A601EBBF93A0044F898 /* kContext */ = {
			isa = PBXGroup;
			children = (
				198813E51EBEAE4A00AD45F5 /* Resources */,
				EE6510381EBC25E20081BD48 /* ConfigParser.swift */,
				EE127A611EBBF93A0044F898 /* AppDelegate.swift */,
				EE127A631EBBF93A0044F898 /* Assets.xcassets */,
				EE127A6E1EBC02C30044F898 /* ContextMenuController.swift */,
				198813EA1EBEB25F00AD45F5 /* KubeConfigWindow.swift */,
				198813EB1EBEB25F00AD45F5 /* KubeConfigWindow.xib */,
				EE127A651EBBF93A0044F898 /* MainMenu.xib */,
				EE127A681EBBF93A0044F898 /* Info.plist */,
			);
			path = kContext;
			sourceTree = "<group>";
		};
		EE127A721EBC1A7A0044F898 /* Frameworks */ = {
			isa = PBXGroup;
			children = (
				EE6510361EBC25BB0081BD48 /* SwiftyJSON.framework */,
				EE127A731EBC1A7B0044F898 /* Yaml.framework */,
			);
			name = Frameworks;
			sourceTree = "<group>";
		};
/* End PBXGroup section */

/* Begin PBXNativeTarget section */
		EE127A5D1EBBF93A0044F898 /* Kontext */ = {
			isa = PBXNativeTarget;
			buildConfigurationList = EE127A6B1EBBF93A0044F898 /* Build configuration list for PBXNativeTarget "Kontext" */;
			buildPhases = (
				EE127A5A1EBBF93A0044F898 /* Sources */,
				EE127A5B1EBBF93A0044F898 /* Frameworks */,
				EE127A5C1EBBF93A0044F898 /* Resources */,
				EE127A751EBC1C580044F898 /* ShellScript */,
			);
			buildRules = (
			);
			dependencies = (
			);
			name = Kontext;
			productName = kContext;
			productReference = EE127A5E1EBBF93A0044F898 /* Kontext.app */;
			productType = "com.apple.product-type.application";
		};
/* End PBXNativeTarget section */

/* Begin PBXProject section */
		EE127A561EBBF93A0044F898 /* Project object */ = {
			isa = PBXProject;
			attributes = {
				LastSwiftUpdateCheck = 0800;
				LastUpgradeCheck = 0830;
				ORGANIZATIONNAME = "James Weber";
				TargetAttributes = {
					EE127A5D1EBBF93A0044F898 = {
						CreatedOnToolsVersion = 8.0;
						DevelopmentTeam = 67BGK9U445;
						ProvisioningStyle = Automatic;
					};
				};
			};
			buildConfigurationList = EE127A591EBBF93A0044F898 /* Build configuration list for PBXProject "Kontext" */;
			compatibilityVersion = "Xcode 3.2";
			developmentRegion = English;
			hasScannedForEncodings = 0;
			knownRegions = (
				en,
				Base,
			);
			mainGroup = EE127A551EBBF93A0044F898;
			productRefGroup = EE127A5F1EBBF93A0044F898 /* Products */;
			projectDirPath = "";
			projectRoot = "";
			targets = (
				EE127A5D1EBBF93A0044F898 /* Kontext */,
			);
		};
/* End PBXProject section */

/* Begin PBXResourcesBuildPhase section */
		EE127A5C1EBBF93A0044F898 /* Resources */ = {
			isa = PBXResourcesBuildPhase;
			buildActionMask = 2147483647;
			files = (
				198813E81EBEAE6500AD45F5 /* Unavailable.png in Resources */,
				198813E41EBE962900AD45F5 /* Slice 1@2x.png in Resources */,
				198813ED1EBEB25F00AD45F5 /* KubeConfigWindow.xib in Resources */,
				EE127A641EBBF93A0044F898 /* Assets.xcassets in Resources */,
				19B798741EBF5D98008FA787 /* logo.png in Resources */,
				198813E91EBEAE6500AD45F5 /* Unavailable@2x.png in Resources */,
				198813E31EBE962900AD45F5 /* Slice 1.png in Resources */,
				19B798751EBF5D98008FA787 /* logo@2x.png in Resources */,
				EE127A671EBBF93A0044F898 /* MainMenu.xib in Resources */,
			);
			runOnlyForDeploymentPostprocessing = 0;
		};
/* End PBXResourcesBuildPhase section */

/* Begin PBXShellScriptBuildPhase section */
		EE127A751EBC1C580044F898 /* ShellScript */ = {
			isa = PBXShellScriptBuildPhase;
			buildActionMask = 2147483647;
			files = (
			);
			inputPaths = (
				"$(SRCROOT)/Carthage/Build/Mac/SwiftyJSON.framework",
			);
			outputPaths = (
			);
			runOnlyForDeploymentPostprocessing = 0;
			shellPath = /bin/sh;
			shellScript = "/usr/local/bin/carthage copy-frameworks";
		};
/* End PBXShellScriptBuildPhase section */

/* Begin PBXSourcesBuildPhase section */
		EE127A5A1EBBF93A0044F898 /* Sources */ = {
			isa = PBXSourcesBuildPhase;
			buildActionMask = 2147483647;
			files = (
				EE127A6F1EBC02C30044F898 /* ContextMenuController.swift in Sources */,
				EE127A621EBBF93A0044F898 /* AppDelegate.swift in Sources */,
				198813EC1EBEB25F00AD45F5 /* KubeConfigWindow.swift in Sources */,
				EE6510391EBC25E20081BD48 /* ConfigParser.swift in Sources */,
			);
			runOnlyForDeploymentPostprocessing = 0;
		};
/* End PBXSourcesBuildPhase section */

/* Begin PBXVariantGroup section */
		EE127A651EBBF93A0044F898 /* MainMenu.xib */ = {
			isa = PBXVariantGroup;
			children = (
				EE127A661EBBF93A0044F898 /* Base */,
			);
			name = MainMenu.xib;
			sourceTree = "<group>";
		};
/* End PBXVariantGroup section */

/* Begin XCBuildConfiguration section */
		EE127A691EBBF93A0044F898 /* Debug */ = {
			isa = XCBuildConfiguration;
			buildSettings = {
				ALWAYS_SEARCH_USER_PATHS = NO;
				CLANG_ANALYZER_NONNULL = YES;
				CLANG_CXX_LANGUAGE_STANDARD = "gnu++0x";
				CLANG_CXX_LIBRARY = "libc++";
				CLANG_ENABLE_MODULES = YES;
				CLANG_ENABLE_OBJC_ARC = YES;
				CLANG_WARN_BOOL_CONVERSION = YES;
				CLANG_WARN_CONSTANT_CONVERSION = YES;
				CLANG_WARN_DIRECT_OBJC_ISA_USAGE = YES_ERROR;
				CLANG_WARN_DOCUMENTATION_COMMENTS = YES;
				CLANG_WARN_EMPTY_BODY = YES;
				CLANG_WARN_ENUM_CONVERSION = YES;
				CLANG_WARN_INFINITE_RECURSION = YES;
				CLANG_WARN_INT_CONVERSION = YES;
				CLANG_WARN_OBJC_ROOT_CLASS = YES_ERROR;
				CLANG_WARN_SUSPICIOUS_MOVE = YES;
				CLANG_WARN_SUSPICIOUS_MOVES = YES;
				CLANG_WARN_UNREACHABLE_CODE = YES;
				CLANG_WARN__DUPLICATE_METHOD_MATCH = YES;
				CODE_SIGN_IDENTITY = "-";
				COPY_PHASE_STRIP = NO;
				DEBUG_INFORMATION_FORMAT = dwarf;
				ENABLE_STRICT_OBJC_MSGSEND = YES;
				ENABLE_TESTABILITY = YES;
				GCC_C_LANGUAGE_STANDARD = gnu99;
				GCC_DYNAMIC_NO_PIC = NO;
				GCC_NO_COMMON_BLOCKS = YES;
				GCC_OPTIMIZATION_LEVEL = 0;
				GCC_PREPROCESSOR_DEFINITIONS = (
					"DEBUG=1",
					"$(inherited)",
				);
				GCC_WARN_64_TO_32_BIT_CONVERSION = YES;
				GCC_WARN_ABOUT_RETURN_TYPE = YES_ERROR;
				GCC_WARN_UNDECLARED_SELECTOR = YES;
				GCC_WARN_UNINITIALIZED_AUTOS = YES_AGGRESSIVE;
				GCC_WARN_UNUSED_FUNCTION = YES;
				GCC_WARN_UNUSED_VARIABLE = YES;
				MACOSX_DEPLOYMENT_TARGET = 10.12;
				MTL_ENABLE_DEBUG_INFO = YES;
				ONLY_ACTIVE_ARCH = YES;
				SDKROOT = macosx;
				SWIFT_ACTIVE_COMPILATION_CONDITIONS = DEBUG;
				SWIFT_OPTIMIZATION_LEVEL = "-Onone";
			};
			name = Debug;
		};
		EE127A6A1EBBF93A0044F898 /* Release */ = {
			isa = XCBuildConfiguration;
			buildSettings = {
				ALWAYS_SEARCH_USER_PATHS = NO;
				CLANG_ANALYZER_NONNULL = YES;
				CLANG_CXX_LANGUAGE_STANDARD = "gnu++0x";
				CLANG_CXX_LIBRARY = "libc++";
				CLANG_ENABLE_MODULES = YES;
				CLANG_ENABLE_OBJC_ARC = YES;
				CLANG_WARN_BOOL_CONVERSION = YES;
				CLANG_WARN_CONSTANT_CONVERSION = YES;
				CLANG_WARN_DIRECT_OBJC_ISA_USAGE = YES_ERROR;
				CLANG_WARN_DOCUMENTATION_COMMENTS = YES;
				CLANG_WARN_EMPTY_BODY = YES;
				CLANG_WARN_ENUM_CONVERSION = YES;
				CLANG_WARN_INFINITE_RECURSION = YES;
				CLANG_WARN_INT_CONVERSION = YES;
				CLANG_WARN_OBJC_ROOT_CLASS = YES_ERROR;
				CLANG_WARN_SUSPICIOUS_MOVE = YES;
				CLANG_WARN_SUSPICIOUS_MOVES = YES;
				CLANG_WARN_UNREACHABLE_CODE = YES;
				CLANG_WARN__DUPLICATE_METHOD_MATCH = YES;
				CODE_SIGN_IDENTITY = "-";
				COPY_PHASE_STRIP = NO;
				DEBUG_INFORMATION_FORMAT = "dwarf-with-dsym";
				ENABLE_NS_ASSERTIONS = NO;
				ENABLE_STRICT_OBJC_MSGSEND = YES;
				GCC_C_LANGUAGE_STANDARD = gnu99;
				GCC_NO_COMMON_BLOCKS = YES;
				GCC_WARN_64_TO_32_BIT_CONVERSION = YES;
				GCC_WARN_ABOUT_RETURN_TYPE = YES_ERROR;
				GCC_WARN_UNDECLARED_SELECTOR = YES;
				GCC_WARN_UNINITIALIZED_AUTOS = YES_AGGRESSIVE;
				GCC_WARN_UNUSED_FUNCTION = YES;
				GCC_WARN_UNUSED_VARIABLE = YES;
				MACOSX_DEPLOYMENT_TARGET = 10.12;
				MTL_ENABLE_DEBUG_INFO = NO;
				SDKROOT = macosx;
				SWIFT_OPTIMIZATION_LEVEL = "-Owholemodule";
			};
			name = Release;
		};
		EE127A6C1EBBF93A0044F898 /* Debug */ = {
			isa = XCBuildConfiguration;
			buildSettings = {
				ASSETCATALOG_COMPILER_APPICON_NAME = AppIcon;
				COMBINE_HIDPI_IMAGES = YES;
				DEVELOPMENT_TEAM = 67BGK9U445;
				FRAMEWORK_SEARCH_PATHS = (
					"$(inherited)",
					"$(PROJECT_DIR)/Carthage/Build/Mac",
				);
				INFOPLIST_FILE = kContext/Info.plist;
				LD_RUNPATH_SEARCH_PATHS = "$(inherited) @executable_path/../Frameworks";
				PRODUCT_BUNDLE_IDENTIFIER = com.supercomputerrobot.kontext;
				PRODUCT_NAME = "$(TARGET_NAME)";
				SWIFT_VERSION = 3.0;
			};
			name = Debug;
		};
		EE127A6D1EBBF93A0044F898 /* Release */ = {
			isa = XCBuildConfiguration;
			buildSettings = {
				ASSETCATALOG_COMPILER_APPICON_NAME = AppIcon;
				COMBINE_HIDPI_IMAGES = YES;
				DEVELOPMENT_TEAM = 67BGK9U445;
				FRAMEWORK_SEARCH_PATHS = (
					"$(inherited)",
					"$(PROJECT_DIR)/Carthage/Build/Mac",
				);
				INFOPLIST_FILE = kContext/Info.plist;
				LD_RUNPATH_SEARCH_PATHS = "$(inherited) @executable_path/../Frameworks";
				PRODUCT_BUNDLE_IDENTIFIER = com.supercomputerrobot.kontext;
				PRODUCT_NAME = "$(TARGET_NAME)";
				SWIFT_VERSION = 3.0;
			};
			name = Release;
		};
/* End XCBuildConfiguration section */

/* Begin XCConfigurationList section */
		EE127A591EBBF93A0044F898 /* Build configuration list for PBXProject "Kontext" */ = {
			isa = XCConfigurationList;
			buildConfigurations = (
				EE127A691EBBF93A0044F898 /* Debug */,
				EE127A6A1EBBF93A0044F898 /* Release */,
			);
			defaultConfigurationIsVisible = 0;
			defaultConfigurationName = Release;
		};
		EE127A6B1EBBF93A0044F898 /* Build configuration list for PBXNativeTarget "Kontext" */ = {
			isa = XCConfigurationList;
			buildConfigurations = (
				EE127A6C1EBBF93A0044F898 /* Debug */,
				EE127A6D1EBBF93A0044F898 /* Release */,
			);
			defaultConfigurationIsVisible = 0;
			defaultConfigurationName = Release;
		};
/* End XCConfigurationList section */
	};
	rootObject = EE127A561EBBF93A0044F898 /* Project object */;
}
