// !$*UTF8*$!
{
	archiveVersion = 1;
	classes = {
	};
	objectVersion = 46;
	objects = {

/* Begin PBXBuildFile section */
		EE127A621EBBF93A0044F898 /* AppDelegate.swift in Sources */ = {isa = PBXBuildFile; fileRef = EE127A611EBBF93A0044F898 /* AppDelegate.swift */; };
		EE127A641EBBF93A0044F898 /* Assets.xcassets in Resources */ = {isa = PBXBuildFile; fileRef = EE127A631EBBF93A0044F898 /* Assets.xcassets */; };
		EE127A671EBBF93A0044F898 /* MainMenu.xib in Resources */ = {isa = PBXBuildFile; fileRef = EE127A651EBBF93A0044F898 /* MainMenu.xib */; };
/* End PBXBuildFile section */

/* Begin PBXFileReference section */
		EE127A5E1EBBF93A0044F898 /* kContext.app */ = {isa = PBXFileReference; explicitFileType = wrapper.application; includeInIndex = 0; path = kContext.app; sourceTree = BUILT_PRODUCTS_DIR; };
		EE127A611EBBF93A0044F898 /* AppDelegate.swift */ = {isa = PBXFileReference; lastKnownFileType = sourcecode.swift; path = AppDelegate.swift; sourceTree = "<group>"; };
		EE127A631EBBF93A0044F898 /* Assets.xcassets */ = {isa = PBXFileReference; lastKnownFileType = folder.assetcatalog; path = Assets.xcassets; sourceTree = "<group>"; };
		EE127A661EBBF93A0044F898 /* Base */ = {isa = PBXFileReference; lastKnownFileType = file.xib; name = Base; path = Base.lproj/MainMenu.xib; sourceTree = "<group>"; };
		EE127A681EBBF93A0044F898 /* Info.plist */ = {isa = PBXFileReference; lastKnownFileType = text.plist.xml; path = Info.plist; sourceTree = "<group>"; };
/* End PBXFileReference section */

/* Begin PBXFrameworksBuildPhase section */
		EE127A5B1EBBF93A0044F898 /* Frameworks */ = {
			isa = PBXFrameworksBuildPhase;
			buildActionMask = 2147483647;
			files = (
			);
			runOnlyForDeploymentPostprocessing = 0;
		};
/* End PBXFrameworksBuildPhase section */

/* Begin PBXGroup section */
		EE127A551EBBF93A0044F898 = {
			isa = PBXGroup;
			children = (
				EE127A601EBBF93A0044F898 /* kContext */,
				EE127A5F1EBBF93A0044F898 /* Products */,
			);
			sourceTree = "<group>";
		};
		EE127A5F1EBBF93A0044F898 /* Products */ = {
			isa = PBXGroup;
			children = (
				EE127A5E1EBBF93A0044F898 /* kContext.app */,
			);
			name = Products;
			sourceTree = "<group>";
		};
		EE127A601EBBF93A0044F898 /* kContext */ = {
			isa = PBXGroup;
			children = (
				EE127A611EBBF93A0044F898 /* AppDelegate.swift */,
				EE127A631EBBF93A0044F898 /* Assets.xcassets */,
				EE127A651EBBF93A0044F898 /* MainMenu.xib */,
				EE127A681EBBF93A0044F898 /* Info.plist */,
			);
			path = kContext;
			sourceTree = "<group>";
		};
/* End PBXGroup section */

/* Begin PBXNativeTarget section */
		EE127A5D1EBBF93A0044F898 /* kContext */ = {
			isa = PBXNativeTarget;
			buildConfigurationList = EE127A6B1EBBF93A0044F898 /* Build configuration list for PBXNativeTarget "kContext" */;
			buildPhases = (
				EE127A5A1EBBF93A0044F898 /* Sources */,
				EE127A5B1EBBF93A0044F898 /* Frameworks */,
				EE127A5C1EBBF93A0044F898 /* Resources */,
			);
			buildRules = (
			);
			dependencies = (
			);
			name = kContext;
			productName = kContext;
			productReference = EE127A5E1EBBF93A0044F898 /* kContext.app */;
			productType = "com.apple.product-type.application";
		};
/* End PBXNativeTarget section */

/* Begin PBXProject section */
		EE127A561EBBF93A0044F898 /* Project object */ = {
			isa = PBXProject;
			attributes = {
				LastSwiftUpdateCheck = 0800;
				LastUpgradeCheck = 0800;
				ORGANIZATIONNAME = "James Weber";
				TargetAttributes = {
					EE127A5D1EBBF93A0044F898 = {
						CreatedOnToolsVersion = 8.0;
						DevelopmentTeam = 67BGK9U445;
						ProvisioningStyle = Automatic;
					};
				};
			};
			buildConfigurationList = EE127A591EBBF93A0044F898 /* Build configuration list for PBXProject "kContext" */;
			compatibilityVersion = "Xcode 3.2";
			developmentRegion = English;
			hasScannedForEncodings = 0;
			knownRegions = (
				en,
				Base,
			);
			mainGroup = EE127A551EBBF93A0044F898;
			productRefGroup = EE127A5F1EBBF93A0044F898 /* Products */;
			projectDirPath = "";
			projectRoot = "";
			targets = (
				EE127A5D1EBBF93A0044F898 /* kContext */,
			);
		};
/* End PBXProject section */

/* Begin PBXResourcesBuildPhase section */
		EE127A5C1EBBF93A0044F898 /* Resources */ = {
			isa = PBXResourcesBuildPhase;
			buildActionMask = 2147483647;
			files = (
				EE127A641EBBF93A0044F898 /* Assets.xcassets in Resources */,
				EE127A671EBBF93A0044F898 /* MainMenu.xib in Resources */,
			);
			runOnlyForDeploymentPostprocessing = 0;
		};
/* End PBXResourcesBuildPhase section */

/* Begin PBXSourcesBuildPhase section */
		EE127A5A1EBBF93A0044F898 /* Sources */ = {
			isa = PBXSourcesBuildPhase;
			buildActionMask = 2147483647;
			files = (
				EE127A621EBBF93A0044F898 /* AppDelegate.swift in Sources */,
			);
			runOnlyForDeploymentPostprocessing = 0;
		};
/* End PBXSourcesBuildPhase section */

/* Begin PBXVariantGroup section */
		EE127A651EBBF93A0044F898 /* MainMenu.xib */ = {
			isa = PBXVariantGroup;
			children = (
				EE127A661EBBF93A0044F898 /* Base */,
			);
			name = MainMenu.xib;
			sourceTree = "<group>";
		};
/* End PBXVariantGroup section */

/* Begin XCBuildConfiguration section */
		EE127A691EBBF93A0044F898 /* Debug */ = {
			isa = XCBuildConfiguration;
			buildSettings = {
				ALWAYS_SEARCH_USER_PATHS = NO;
				CLANG_ANALYZER_NONNULL = YES;
				CLANG_CXX_LANGUAGE_STANDARD = "gnu++0x";
				CLANG_CXX_LIBRARY = "libc++";
				CLANG_ENABLE_MODULES = YES;
				CLANG_ENABLE_OBJC_ARC = YES;
				CLANG_WARN_BOOL_CONVERSION = YES;
				CLANG_WARN_CONSTANT_CONVERSION = YES;
				CLANG_WARN_DIRECT_OBJC_ISA_USAGE = YES_ERROR;
				CLANG_WARN_DOCUMENTATION_COMMENTS = YES;
				CLANG_WARN_EMPTY_BODY = YES;
				CLANG_WARN_ENUM_CONVERSION = YES;
				CLANG_WARN_INFINITE_RECURSION = YES;
				CLANG_WARN_INT_CONVERSION = YES;
				CLANG_WARN_OBJC_ROOT_CLASS = YES_ERROR;
				CLANG_WARN_SUSPICIOUS_MOVES = YES;
				CLANG_WARN_UNREACHABLE_CODE = YES;
				CLANG_WARN__DUPLICATE_METHOD_MATCH = YES;
				CODE_SIGN_IDENTITY = "-";
				COPY_PHASE_STRIP = NO;
				DEBUG_INFORMATION_FORMAT = dwarf;
				ENABLE_STRICT_OBJC_MSGSEND = YES;
				ENABLE_TESTABILITY = YES;
				GCC_C_LANGUAGE_STANDARD = gnu99;
				GCC_DYNAMIC_NO_PIC = NO;
				GCC_NO_COMMON_BLOCKS = YES;
				GCC_OPTIMIZATION_LEVEL = 0;
				GCC_PREPROCESSOR_DEFINITIONS = (
					"DEBUG=1",
					"$(inherited)",
				);
				GCC_WARN_64_TO_32_BIT_CONVERSION = YES;
				GCC_WARN_ABOUT_RETURN_TYPE = YES_ERROR;
				GCC_WARN_UNDECLARED_SELECTOR = YES;
				GCC_WARN_UNINITIALIZED_AUTOS = YES_AGGRESSIVE;
				GCC_WARN_UNUSED_FUNCTION = YES;
				GCC_WARN_UNUSED_VARIABLE = YES;
				MACOSX_DEPLOYMENT_TARGET = 10.12;
				MTL_ENABLE_DEBUG_INFO = YES;
				ONLY_ACTIVE_ARCH = YES;
				SDKROOT = macosx;
				SWIFT_ACTIVE_COMPILATION_CONDITIONS = DEBUG;
				SWIFT_OPTIMIZATION_LEVEL = "-Onone";
			};
			name = Debug;
		};
		EE127A6A1EBBF93A0044F898 /* Release */ = {
			isa = XCBuildConfiguration;
			buildSettings = {
				ALWAYS_SEARCH_USER_PATHS = NO;
				CLANG_ANALYZER_NONNULL = YES;
				CLANG_CXX_LANGUAGE_STANDARD = "gnu++0x";
				CLANG_CXX_LIBRARY = "libc++";
				CLANG_ENABLE_MODULES = YES;
				CLANG_ENABLE_OBJC_ARC = YES;
				CLANG_WARN_BOOL_CONVERSION = YES;
				CLANG_WARN_CONSTANT_CONVERSION = YES;
				CLANG_WARN_DIRECT_OBJC_ISA_USAGE = YES_ERROR;
				CLANG_WARN_DOCUMENTATION_COMMENTS = YES;
				CLANG_WARN_EMPTY_BODY = YES;
				CLANG_WARN_ENUM_CONVERSION = YES;
				CLANG_WARN_INFINITE_RECURSION = YES;
				CLANG_WARN_INT_CONVERSION = YES;
				CLANG_WARN_OBJC_ROOT_CLASS = YES_ERROR;
				CLANG_WARN_SUSPICIOUS_MOVES = YES;
				CLANG_WARN_UNREACHABLE_CODE = YES;
				CLANG_WARN__DUPLICATE_METHOD_MATCH = YES;
				CODE_SIGN_IDENTITY = "-";
				COPY_PHASE_STRIP = NO;
				DEBUG_INFORMATION_FORMAT = "dwarf-with-dsym";
				ENABLE_NS_ASSERTIONS = NO;
				ENABLE_STRICT_OBJC_MSGSEND = YES;
				GCC_C_LANGUAGE_STANDARD = gnu99;
				GCC_NO_COMMON_BLOCKS = YES;
				GCC_WARN_64_TO_32_BIT_CONVERSION = YES;
				GCC_WARN_ABOUT_RETURN_TYPE = YES_ERROR;
				GCC_WARN_UNDECLARED_SELECTOR = YES;
				GCC_WARN_UNINITIALIZED_AUTOS = YES_AGGRESSIVE;
				GCC_WARN_UNUSED_FUNCTION = YES;
				GCC_WARN_UNUSED_VARIABLE = YES;
				MACOSX_DEPLOYMENT_TARGET = 10.12;
				MTL_ENABLE_DEBUG_INFO = NO;
				SDKROOT = macosx;
				SWIFT_OPTIMIZATION_LEVEL = "-Owholemodule";
			};
			name = Release;
		};
		EE127A6C1EBBF93A0044F898 /* Debug */ = {
			isa = XCBuildConfiguration;
			buildSettings = {
				ASSETCATALOG_COMPILER_APPICON_NAME = AppIcon;
				COMBINE_HIDPI_IMAGES = YES;
				DEVELOPMENT_TEAM = 67BGK9U445;
				INFOPLIST_FILE = kContext/Info.plist;
				LD_RUNPATH_SEARCH_PATHS = "$(inherited) @executable_path/../Frameworks";
				PRODUCT_BUNDLE_IDENTIFIER = com.supercomputerrobot.kContext;
				PRODUCT_NAME = "$(TARGET_NAME)";
				SWIFT_VERSION = 3.0;
			};
			name = Debug;
		};
		EE127A6D1EBBF93A0044F898 /* Release */ = {
			isa = XCBuildConfiguration;
			buildSettings = {
				ASSETCATALOG_COMPILER_APPICON_NAME = AppIcon;
				COMBINE_HIDPI_IMAGES = YES;
				DEVELOPMENT_TEAM = 67BGK9U445;
				INFOPLIST_FILE = kContext/Info.plist;
				LD_RUNPATH_SEARCH_PATHS = "$(inherited) @executable_path/../Frameworks";
				PRODUCT_BUNDLE_IDENTIFIER = com.supercomputerrobot.kContext;
				PRODUCT_NAME = "$(TARGET_NAME)";
				SWIFT_VERSION = 3.0;
			};
			name = Release;
		};
/* End XCBuildConfiguration section */

/* Begin XCConfigurationList section */
		EE127A591EBBF93A0044F898 /* Build configuration list for PBXProject "kContext" */ = {
			isa = XCConfigurationList;
			buildConfigurations = (
				EE127A691EBBF93A0044F898 /* Debug */,
				EE127A6A1EBBF93A0044F898 /* Release */,
			);
			defaultConfigurationIsVisible = 0;
			defaultConfigurationName = Release;
		};
		EE127A6B1EBBF93A0044F898 /* Build configuration list for PBXNativeTarget "kContext" */ = {
			isa = XCConfigurationList;
			buildConfigurations = (
				EE127A6C1EBBF93A0044F898 /* Debug */,
				EE127A6D1EBBF93A0044F898 /* Release */,
			);
			defaultConfigurationIsVisible = 0;
		};
/* End XCConfigurationList section */
	};
	rootObject = EE127A561EBBF93A0044F898 /* Project object */;
}
